
Microsoft Visual Studio Solution File, Format Version 12.00
# Visual Studio 14
VisualStudioVersion = 14.0.25123.0
MinimumVisualStudioVersion = 10.0.40219.1
Project("{FAE04EC0-301F-11D3-BF4B-00C04F79EFBC}") = "SearchSandbox", "SearchSandbox.csproj", "{796D4FC2-907E-4F75-966E-375195548D24}"
EndProject
Global
	GlobalSection(SolutionConfigurationPlatforms) = preSolution
		Debug|Any CPU = Debug|Any CPU
		Release|Any CPU = Release|Any CPU
	EndGlobalSection
	GlobalSection(ProjectConfigurationPlatforms) = postSolution
		{796D4FC2-907E-4F75-966E-375195548D24}.Debug|Any CPU.ActiveCfg = Debug|Any CPU
		{796D4FC2-907E-4F75-966E-375195548D24}.Debug|Any CPU.Build.0 = Debug|Any CPU
		{796D4FC2-907E-4F75-966E-375195548D24}.Release|Any CPU.ActiveCfg = Release|Any CPU
		{796D4FC2-907E-4F75-966E-375195548D24}.Release|Any CPU.Build.0 = Release|Any CPU
	EndGlobalSection
	GlobalSection(SolutionProperties) = preSolution
		HideSolutionNode = FALSE
	EndGlobalSection
EndGlobal
